{
  "meteor": {
    "git": "https://github.com/meteor/meteor.git",
    "branch": "master",
    "commit": "2d8b41a87cec884489ead138b5dfea31487363f3"
  },
  "dependencies": {
    "basePackages": {
      "pagination": {},
      "HTML5-History-API": {},
      "router": {},
      "page-js-ie-support": {
        "git": "https://github.com/WeekdayFiller/meteor-page-js-ie-support.git",
        "branch": "master"
      },
      "jquery-scrollintoview": {}
    },
    "packages": {
      "pagination": {
        "git": "https://github.com/egtann/meteor-pagination.git",
        "tag": "v1.0.0",
        "commit": "df546295d4bf11a89e57198c8074aa812d85755c"
      },
      "HTML5-History-API": {
        "git": "https://github.com/tmeasday/meteor-HTML5-History-API.git",
        "tag": "v0.1.2",
        "commit": "72333bfa71ae1ca75243085e83200eef40818088"
      },
      "router": {
        "git": "https://github.com/tmeasday/meteor-router.git",
        "tag": "v0.4.2",
        "commit": "82d2895847502b4025370523dba60d597cff4772"
      },
      "page-js-ie-support": {
        "git": "https://github.com/WeekdayFiller/meteor-page-js-ie-support.git",
        "branch": "master",
        "commit": "cc85b5e61b9656b32660aff7075eb85fa27e3a62"
      },
      "jquery-scrollintoview": {
        "git": "https://github.com/WeekdayFiller/meteor-jquery.scrollintoview",
        "tag": "v1.8.0",
        "commit": "2adb657b6f6c09728d726b26d6b3d1de85b41f9a"
      }
    }
  }
}
